
Microsoft Visual Studio Solution File, Format Version 12.00
# Visual Studio Version 17
VisualStudioVersion = 17.8.34316.72
MinimumVisualStudioVersion = 10.0.40219.1
Project("{9092AA53-FB77-4645-B42D-1CCCA6BD08BD}") = "NodejsWebApp1", "NodejsWebApp1\NodejsWebApp1.njsproj", "{22BE8A52-7C42-4D2B-8EA0-1A228B19885F}"
EndProject
Global
	GlobalSection(SolutionConfigurationPlatforms) = preSolution
		Debug|Any CPU = Debug|Any CPU
		Release|Any CPU = Release|Any CPU
	EndGlobalSection
	GlobalSection(ProjectConfigurationPlatforms) = postSolution
		{22BE8A52-7C42-4D2B-8EA0-1A228B19885F}.Debug|Any CPU.ActiveCfg = Debug|Any CPU
		{22BE8A52-7C42-4D2B-8EA0-1A228B19885F}.Debug|Any CPU.Build.0 = Debug|Any CPU
		{22BE8A52-7C42-4D2B-8EA0-1A228B19885F}.Release|Any CPU.ActiveCfg = Release|Any CPU
		{22BE8A52-7C42-4D2B-8EA0-1A228B19885F}.Release|Any CPU.Build.0 = Release|Any CPU
	EndGlobalSection
	GlobalSection(SolutionProperties) = preSolution
		HideSolutionNode = FALSE
	EndGlobalSection
	GlobalSection(ExtensibilityGlobals) = postSolution
		SolutionGuid = {29561C71-492D-4219-BFED-A3A91DA02CD4}
	EndGlobalSection
EndGlobal
